
Microsoft Visual Studio Solution File, Format Version 12.00
# Visual Studio Version 17
VisualStudioVersion = 17.6.33723.286
MinimumVisualStudioVersion = 10.0.40219.1
Project("{FAE04EC0-301F-11D3-BF4B-00C04F79EFBC}") = "PruebaSoapUI", "PruebaSoapUI.csproj", "{DF08BC85-2607-478F-B30C-E6AC5F1B92A6}"
EndProject
Global
	GlobalSection(SolutionConfigurationPlatforms) = preSolution
		Debug|Any CPU = Debug|Any CPU
		Release|Any CPU = Release|Any CPU
	EndGlobalSection
	GlobalSection(ProjectConfigurationPlatforms) = postSolution
		{DF08BC85-2607-478F-B30C-E6AC5F1B92A6}.Debug|Any CPU.ActiveCfg = Debug|Any CPU
		{DF08BC85-2607-478F-B30C-E6AC5F1B92A6}.Debug|Any CPU.Build.0 = Debug|Any CPU
		{DF08BC85-2607-478F-B30C-E6AC5F1B92A6}.Release|Any CPU.ActiveCfg = Release|Any CPU
		{DF08BC85-2607-478F-B30C-E6AC5F1B92A6}.Release|Any CPU.Build.0 = Release|Any CPU
	EndGlobalSection
	GlobalSection(SolutionProperties) = preSolution
		HideSolutionNode = FALSE
	EndGlobalSection
	GlobalSection(ExtensibilityGlobals) = postSolution
		SolutionGuid = {E1A705BE-F971-492B-B259-14625180E3D7}
	EndGlobalSection
EndGlobal
